
Microsoft Visual Studio Solution File, Format Version 12.00
# Visual Studio Version 17
VisualStudioVersion = 17.0.31903.59
MinimumVisualStudioVersion = 10.0.40219.1
Project("{FAE04EC0-301F-11D3-BF4B-00C04F79EFBC}") = "CsharpToolbox", "CsharpToolbox\CsharpToolbox.csproj", "{CC06A6D6-95E2-4C5C-9D33-2726D0A67B3E}"
EndProject
Global
	GlobalSection(SolutionConfigurationPlatforms) = preSolution
		Debug|Any CPU = Debug|Any CPU
		Release|Any CPU = Release|Any CPU
	EndGlobalSection
	GlobalSection(SolutionProperties) = preSolution
		HideSolutionNode = FALSE
	EndGlobalSection
	GlobalSection(ProjectConfigurationPlatforms) = postSolution
		{CC06A6D6-95E2-4C5C-9D33-2726D0A67B3E}.Debug|Any CPU.ActiveCfg = Debug|Any CPU
		{CC06A6D6-95E2-4C5C-9D33-2726D0A67B3E}.Debug|Any CPU.Build.0 = Debug|Any CPU
		{CC06A6D6-95E2-4C5C-9D33-2726D0A67B3E}.Release|Any CPU.ActiveCfg = Release|Any CPU
		{CC06A6D6-95E2-4C5C-9D33-2726D0A67B3E}.Release|Any CPU.Build.0 = Release|Any CPU
	EndGlobalSection
EndGlobal
